
Microsoft Visual Studio Solution File, Format Version 12.00
# Visual Studio Version 16
VisualStudioVersion = 16.0.31729.503
MinimumVisualStudioVersion = 10.0.40219.1
Project("{FAE04EC0-301F-11D3-BF4B-00C04F79EFBC}") = "AppApiLibre.Android", "AppApiLibre.Android\AppApiLibre.Android.csproj", "{FEB34A4A-61D8-483C-83A7-E41301B31502}"
EndProject
Project("{FAE04EC0-301F-11D3-BF4B-00C04F79EFBC}") = "AppApiLibre.iOS", "AppApiLibre.iOS\AppApiLibre.iOS.csproj", "{DA3261FB-12B6-45CF-8E15-8BFFDC543CE4}"
EndProject
Project("{FAE04EC0-301F-11D3-BF4B-00C04F79EFBC}") = "AppApiLibre", "AppApiLibre\AppApiLibre.csproj", "{6547C93C-A9E5-45FA-9898-73F37A28ABA4}"
EndProject
Global
	GlobalSection(SolutionConfigurationPlatforms) = preSolution
		Debug|Any CPU = Debug|Any CPU
		Debug|iPhone = Debug|iPhone
		Debug|iPhoneSimulator = Debug|iPhoneSimulator
		Release|Any CPU = Release|Any CPU
		Release|iPhone = Release|iPhone
		Release|iPhoneSimulator = Release|iPhoneSimulator
	EndGlobalSection
	GlobalSection(ProjectConfigurationPlatforms) = postSolution
		{FEB34A4A-61D8-483C-83A7-E41301B31502}.Debug|Any CPU.ActiveCfg = Debug|Any CPU
		{FEB34A4A-61D8-483C-83A7-E41301B31502}.Debug|Any CPU.Build.0 = Debug|Any CPU
		{FEB34A4A-61D8-483C-83A7-E41301B31502}.Debug|Any CPU.Deploy.0 = Debug|Any CPU
		{FEB34A4A-61D8-483C-83A7-E41301B31502}.Debug|iPhone.ActiveCfg = Debug|Any CPU
		{FEB34A4A-61D8-483C-83A7-E41301B31502}.Debug|iPhone.Build.0 = Debug|Any CPU
		{FEB34A4A-61D8-483C-83A7-E41301B31502}.Debug|iPhone.Deploy.0 = Debug|Any CPU
		{FEB34A4A-61D8-483C-83A7-E41301B31502}.Debug|iPhoneSimulator.ActiveCfg = Debug|Any CPU
		{FEB34A4A-61D8-483C-83A7-E41301B31502}.Debug|iPhoneSimulator.Build.0 = Debug|Any CPU
		{FEB34A4A-61D8-483C-83A7-E41301B31502}.Debug|iPhoneSimulator.Deploy.0 = Debug|Any CPU
		{FEB34A4A-61D8-483C-83A7-E41301B31502}.Release|Any CPU.ActiveCfg = Release|Any CPU
		{FEB34A4A-61D8-483C-83A7-E41301B31502}.Release|Any CPU.Build.0 = Release|Any CPU
		{FEB34A4A-61D8-483C-83A7-E41301B31502}.Release|Any CPU.Deploy.0 = Release|Any CPU
		{FEB34A4A-61D8-483C-83A7-E41301B31502}.Release|iPhone.ActiveCfg = Release|Any CPU
		{FEB34A4A-61D8-483C-83A7-E41301B31502}.Release|iPhone.Build.0 = Release|Any CPU
		{FEB34A4A-61D8-483C-83A7-E41301B31502}.Release|iPhone.Deploy.0 = Release|Any CPU
		{FEB34A4A-61D8-483C-83A7-E41301B31502}.Release|iPhoneSimulator.ActiveCfg = Release|Any CPU
		{FEB34A4A-61D8-483C-83A7-E41301B31502}.Release|iPhoneSimulator.Build.0 = Release|Any CPU
		{FEB34A4A-61D8-483C-83A7-E41301B31502}.Release|iPhoneSimulator.Deploy.0 = Release|Any CPU
		{DA3261FB-12B6-45CF-8E15-8BFFDC543CE4}.Debug|Any CPU.ActiveCfg = Debug|iPhone
		{DA3261FB-12B6-45CF-8E15-8BFFDC543CE4}.Debug|Any CPU.Build.0 = Debug|iPhone
		{DA3261FB-12B6-45CF-8E15-8BFFDC543CE4}.Debug|Any CPU.Deploy.0 = Debug|iPhone
		{DA3261FB-12B6-45CF-8E15-8BFFDC543CE4}.Debug|iPhone.ActiveCfg = Debug|iPhone
		{DA3261FB-12B6-45CF-8E15-8BFFDC543CE4}.Debug|iPhone.Build.0 = Debug|iPhone
		{DA3261FB-12B6-45CF-8E15-8BFFDC543CE4}.Debug|iPhone.Deploy.0 = Debug|iPhone
		{DA3261FB-12B6-45CF-8E15-8BFFDC543CE4}.Debug|iPhoneSimulator.ActiveCfg = Debug|iPhoneSimulator
		{DA3261FB-12B6-45CF-8E15-8BFFDC543CE4}.Debug|iPhoneSimulator.Build.0 = Debug|iPhoneSimulator
		{DA3261FB-12B6-45CF-8E15-8BFFDC543CE4}.Debug|iPhoneSimulator.Deploy.0 = Debug|iPhoneSimulator
		{DA3261FB-12B6-45CF-8E15-8BFFDC543CE4}.Release|Any CPU.ActiveCfg = Release|iPhoneSimulator
		{DA3261FB-12B6-45CF-8E15-8BFFDC543CE4}.Release|Any CPU.Build.0 = Release|iPhoneSimulator
		{DA3261FB-12B6-45CF-8E15-8BFFDC543CE4}.Release|Any CPU.Deploy.0 = Release|iPhoneSimulator
		{DA3261FB-12B6-45CF-8E15-8BFFDC543CE4}.Release|iPhone.ActiveCfg = Release|iPhone
		{DA3261FB-12B6-45CF-8E15-8BFFDC543CE4}.Release|iPhone.Build.0 = Release|iPhone
		{DA3261FB-12B6-45CF-8E15-8BFFDC543CE4}.Release|iPhone.Deploy.0 = Release|iPhone
		{DA3261FB-12B6-45CF-8E15-8BFFDC543CE4}.Release|iPhoneSimulator.ActiveCfg = Release|iPhoneSimulator
		{DA3261FB-12B6-45CF-8E15-8BFFDC543CE4}.Release|iPhoneSimulator.Build.0 = Release|iPhoneSimulator
		{DA3261FB-12B6-45CF-8E15-8BFFDC543CE4}.Release|iPhoneSimulator.Deploy.0 = Release|iPhoneSimulator
		{6547C93C-A9E5-45FA-9898-73F37A28ABA4}.Debug|Any CPU.ActiveCfg = Debug|Any CPU
		{6547C93C-A9E5-45FA-9898-73F37A28ABA4}.Debug|Any CPU.Build.0 = Debug|Any CPU
		{6547C93C-A9E5-45FA-9898-73F37A28ABA4}.Debug|Any CPU.Deploy.0 = Debug|Any CPU
		{6547C93C-A9E5-45FA-9898-73F37A28ABA4}.Debug|iPhone.ActiveCfg = Debug|Any CPU
		{6547C93C-A9E5-45FA-9898-73F37A28ABA4}.Debug|iPhone.Build.0 = Debug|Any CPU
		{6547C93C-A9E5-45FA-9898-73F37A28ABA4}.Debug|iPhone.Deploy.0 = Debug|Any CPU
		{6547C93C-A9E5-45FA-9898-73F37A28ABA4}.Debug|iPhoneSimulator.ActiveCfg = Debug|Any CPU
		{6547C93C-A9E5-45FA-9898-73F37A28ABA4}.Debug|iPhoneSimulator.Build.0 = Debug|Any CPU
		{6547C93C-A9E5-45FA-9898-73F37A28ABA4}.Debug|iPhoneSimulator.Deploy.0 = Debug|Any CPU
		{6547C93C-A9E5-45FA-9898-73F37A28ABA4}.Release|Any CPU.ActiveCfg = Release|Any CPU
		{6547C93C-A9E5-45FA-9898-73F37A28ABA4}.Release|Any CPU.Build.0 = Release|Any CPU
		{6547C93C-A9E5-45FA-9898-73F37A28ABA4}.Release|Any CPU.Deploy.0 = Release|Any CPU
		{6547C93C-A9E5-45FA-9898-73F37A28ABA4}.Release|iPhone.ActiveCfg = Release|Any CPU
		{6547C93C-A9E5-45FA-9898-73F37A28ABA4}.Release|iPhone.Build.0 = Release|Any CPU
		{6547C93C-A9E5-45FA-9898-73F37A28ABA4}.Release|iPhone.Deploy.0 = Release|Any CPU
		{6547C93C-A9E5-45FA-9898-73F37A28ABA4}.Release|iPhoneSimulator.ActiveCfg = Release|Any CPU
		{6547C93C-A9E5-45FA-9898-73F37A28ABA4}.Release|iPhoneSimulator.Build.0 = Release|Any CPU
		{6547C93C-A9E5-45FA-9898-73F37A28ABA4}.Release|iPhoneSimulator.Deploy.0 = Release|Any CPU
	EndGlobalSection
	GlobalSection(SolutionProperties) = preSolution
		HideSolutionNode = FALSE
	EndGlobalSection
	GlobalSection(ExtensibilityGlobals) = postSolution
		SolutionGuid = {CCBC715E-E2AA-441E-B087-FC9958B2D1B8}
	EndGlobalSection
EndGlobal
